// !$*UTF8*$!
{
	archiveVersion = 1;
	classes = {
	};
	objectVersion = 46;
	objects = {

/* Begin PBXBuildFile section */
		6C24245F720141A72FE15714 /* libPods.a in Frameworks */ = {isa = PBXBuildFile; fileRef = EF5134FBFCDC3DC9B2D5AB36 /* libPods.a */; };
		D36BE1E91C1E52A900580A1E /* YSYCollectVC.m in Sources */ = {isa = PBXBuildFile; fileRef = D36BE1E31C1E52A900580A1E /* YSYCollectVC.m */; };
		D36BE1EA1C1E52A900580A1E /* YSYLeftVC.m in Sources */ = {isa = PBXBuildFile; fileRef = D36BE1E51C1E52A900580A1E /* YSYLeftVC.m */; };
		D36BE1EB1C1E52A900580A1E /* YSYNewsVC.m in Sources */ = {isa = PBXBuildFile; fileRef = D36BE1E71C1E52A900580A1E /* YSYNewsVC.m */; };
		D36BE1ED1C1E52BB00580A1E /* YSYSetVC.m in Sources */ = {isa = PBXBuildFile; fileRef = D36BE1EC1C1E52BB00580A1E /* YSYSetVC.m */; };
		D36BE1F31C1E61E100580A1E /* ThemeCell.m in Sources */ = {isa = PBXBuildFile; fileRef = D36BE1F21C1E61E100580A1E /* ThemeCell.m */; };
		D36BE1F61C1E641400580A1E /* YSYTableView.m in Sources */ = {isa = PBXBuildFile; fileRef = D36BE1F51C1E641400580A1E /* YSYTableView.m */; };
		D36BE1F91C1E642200580A1E /* YSYTableViewCell.m in Sources */ = {isa = PBXBuildFile; fileRef = D36BE1F81C1E642200580A1E /* YSYTableViewCell.m */; };
		D36BE2061C1EC5AC00580A1E /* ThemeListCell.m in Sources */ = {isa = PBXBuildFile; fileRef = D36BE2051C1EC5AC00580A1E /* ThemeListCell.m */; };
		D36BE2091C1EC5CD00580A1E /* YSYThemeListVC.m in Sources */ = {isa = PBXBuildFile; fileRef = D36BE2081C1EC5CD00580A1E /* YSYThemeListVC.m */; };
		D3743EF81C1A5F7A00A222BB /* YSYCustomerBtn.m in Sources */ = {isa = PBXBuildFile; fileRef = D3743EF71C1A5F7A00A222BB /* YSYCustomerBtn.m */; };
		D3743EFD1C1AA00B00A222BB /* YSY_HttpRequest.m in Sources */ = {isa = PBXBuildFile; fileRef = D3743EFC1C1AA00B00A222BB /* YSY_HttpRequest.m */; };
		D3743F001C1AA07500A222BB /* YSY_NetWorkManage.m in Sources */ = {isa = PBXBuildFile; fileRef = D3743EFF1C1AA07500A222BB /* YSY_NetWorkManage.m */; };
		D3743F051C1AA76300A222BB /* YSY_Api.m in Sources */ = {isa = PBXBuildFile; fileRef = D3743F041C1AA76300A222BB /* YSY_Api.m */; };
		D375C34A1C17FC060040E03E /* YSYMainVC.m in Sources */ = {isa = PBXBuildFile; fileRef = D375C3491C17FC060040E03E /* YSYMainVC.m */; };
		D375C35C1C1822750040E03E /* UIColor+YSYCategory.m in Sources */ = {isa = PBXBuildFile; fileRef = D375C35B1C1822750040E03E /* UIColor+YSYCategory.m */; };
		D375C3601C1831680040E03E /* YSYRootVC.m in Sources */ = {isa = PBXBuildFile; fileRef = D375C35F1C1831680040E03E /* YSYRootVC.m */; };
		D377D5B11C16D270000000E9 /* main.m in Sources */ = {isa = PBXBuildFile; fileRef = D377D5B01C16D270000000E9 /* main.m */; };
		D377D5B41C16D270000000E9 /* AppDelegate.m in Sources */ = {isa = PBXBuildFile; fileRef = D377D5B31C16D270000000E9 /* AppDelegate.m */; };
		D377D5BC1C16D270000000E9 /* Assets.xcassets in Resources */ = {isa = PBXBuildFile; fileRef = D377D5BB1C16D270000000E9 /* Assets.xcassets */; };
		D391FC9C1C1FEE88008E9EAA /* UIView+YSYCategory.m in Sources */ = {isa = PBXBuildFile; fileRef = D391FC9B1C1FEE88008E9EAA /* UIView+YSYCategory.m */; };
		D391FC9F1C1FF35B008E9EAA /* NSString+YSYCategory.m in Sources */ = {isa = PBXBuildFile; fileRef = D391FC9E1C1FF35B008E9EAA /* NSString+YSYCategory.m */; };
		D391FCA21C1FF806008E9EAA /* YSYListTableView.m in Sources */ = {isa = PBXBuildFile; fileRef = D391FCA11C1FF806008E9EAA /* YSYListTableView.m */; };
/* End PBXBuildFile section */

/* Begin PBXFileReference section */
		243E3377E580A4F62F55B4E4 /* Pods.debug.xcconfig */ = {isa = PBXFileReference; includeInIndex = 1; lastKnownFileType = text.xcconfig; name = Pods.debug.xcconfig; path = "Pods/Target Support Files/Pods/Pods.debug.xcconfig"; sourceTree = "<group>"; };
		42F38086E8FF062ECC36D0A7 /* Pods.release.xcconfig */ = {isa = PBXFileReference; includeInIndex = 1; lastKnownFileType = text.xcconfig; name = Pods.release.xcconfig; path = "Pods/Target Support Files/Pods/Pods.release.xcconfig"; sourceTree = "<group>"; };
		D36BE1E21C1E52A900580A1E /* YSYCollectVC.h */ = {isa = PBXFileReference; fileEncoding = 4; lastKnownFileType = sourcecode.c.h; path = YSYCollectVC.h; sourceTree = "<group>"; };
		D36BE1E31C1E52A900580A1E /* YSYCollectVC.m */ = {isa = PBXFileReference; fileEncoding = 4; lastKnownFileType = sourcecode.c.objc; path = YSYCollectVC.m; sourceTree = "<group>"; };
		D36BE1E41C1E52A900580A1E /* YSYLeftVC.h */ = {isa = PBXFileReference; fileEncoding = 4; lastKnownFileType = sourcecode.c.h; path = YSYLeftVC.h; sourceTree = "<group>"; };
		D36BE1E51C1E52A900580A1E /* YSYLeftVC.m */ = {isa = PBXFileReference; fileEncoding = 4; lastKnownFileType = sourcecode.c.objc; path = YSYLeftVC.m; sourceTree = "<group>"; };
		D36BE1E61C1E52A900580A1E /* YSYNewsVC.h */ = {isa = PBXFileReference; fileEncoding = 4; lastKnownFileType = sourcecode.c.h; path = YSYNewsVC.h; sourceTree = "<group>"; };
		D36BE1E71C1E52A900580A1E /* YSYNewsVC.m */ = {isa = PBXFileReference; fileEncoding = 4; lastKnownFileType = sourcecode.c.objc; path = YSYNewsVC.m; sourceTree = "<group>"; };
		D36BE1E81C1E52A900580A1E /* YSYSetVC.h */ = {isa = PBXFileReference; fileEncoding = 4; lastKnownFileType = sourcecode.c.h; path = YSYSetVC.h; sourceTree = "<group>"; };
		D36BE1EC1C1E52BB00580A1E /* YSYSetVC.m */ = {isa = PBXFileReference; fileEncoding = 4; lastKnownFileType = sourcecode.c.objc; path = YSYSetVC.m; sourceTree = "<group>"; };
		D36BE1F11C1E61E100580A1E /* ThemeCell.h */ = {isa = PBXFileReference; fileEncoding = 4; lastKnownFileType = sourcecode.c.h; path = ThemeCell.h; sourceTree = "<group>"; };
		D36BE1F21C1E61E100580A1E /* ThemeCell.m */ = {isa = PBXFileReference; fileEncoding = 4; lastKnownFileType = sourcecode.c.objc; path = ThemeCell.m; sourceTree = "<group>"; };
		D36BE1F41C1E641400580A1E /* YSYTableView.h */ = {isa = PBXFileReference; fileEncoding = 4; lastKnownFileType = sourcecode.c.h; path = YSYTableView.h; sourceTree = "<group>"; };
		D36BE1F51C1E641400580A1E /* YSYTableView.m */ = {isa = PBXFileReference; fileEncoding = 4; lastKnownFileType = sourcecode.c.objc; path = YSYTableView.m; sourceTree = "<group>"; };
		D36BE1F71C1E642200580A1E /* YSYTableViewCell.h */ = {isa = PBXFileReference; fileEncoding = 4; lastKnownFileType = sourcecode.c.h; path = YSYTableViewCell.h; sourceTree = "<group>"; };
		D36BE1F81C1E642200580A1E /* YSYTableViewCell.m */ = {isa = PBXFileReference; fileEncoding = 4; lastKnownFileType = sourcecode.c.objc; path = YSYTableViewCell.m; sourceTree = "<group>"; };
		D36BE2041C1EC5AC00580A1E /* ThemeListCell.h */ = {isa = PBXFileReference; fileEncoding = 4; lastKnownFileType = sourcecode.c.h; path = ThemeListCell.h; sourceTree = "<group>"; };
		D36BE2051C1EC5AC00580A1E /* ThemeListCell.m */ = {isa = PBXFileReference; fileEncoding = 4; lastKnownFileType = sourcecode.c.objc; path = ThemeListCell.m; sourceTree = "<group>"; };
		D36BE2071C1EC5CD00580A1E /* YSYThemeListVC.h */ = {isa = PBXFileReference; fileEncoding = 4; lastKnownFileType = sourcecode.c.h; path = YSYThemeListVC.h; sourceTree = "<group>"; };
		D36BE2081C1EC5CD00580A1E /* YSYThemeListVC.m */ = {isa = PBXFileReference; fileEncoding = 4; lastKnownFileType = sourcecode.c.objc; path = YSYThemeListVC.m; sourceTree = "<group>"; };
		D3743EF61C1A5F7A00A222BB /* YSYCustomerBtn.h */ = {isa = PBXFileReference; fileEncoding = 4; lastKnownFileType = sourcecode.c.h; path = YSYCustomerBtn.h; sourceTree = "<group>"; };
		D3743EF71C1A5F7A00A222BB /* YSYCustomerBtn.m */ = {isa = PBXFileReference; fileEncoding = 4; lastKnownFileType = sourcecode.c.objc; path = YSYCustomerBtn.m; sourceTree = "<group>"; };
		D3743EFB1C1AA00B00A222BB /* YSY_HttpRequest.h */ = {isa = PBXFileReference; fileEncoding = 4; lastKnownFileType = sourcecode.c.h; path = YSY_HttpRequest.h; sourceTree = "<group>"; };
		D3743EFC1C1AA00B00A222BB /* YSY_HttpRequest.m */ = {isa = PBXFileReference; fileEncoding = 4; lastKnownFileType = sourcecode.c.objc; path = YSY_HttpRequest.m; sourceTree = "<group>"; };
		D3743EFE1C1AA07500A222BB /* YSY_NetWorkManage.h */ = {isa = PBXFileReference; fileEncoding = 4; lastKnownFileType = sourcecode.c.h; path = YSY_NetWorkManage.h; sourceTree = "<group>"; };
		D3743EFF1C1AA07500A222BB /* YSY_NetWorkManage.m */ = {isa = PBXFileReference; fileEncoding = 4; lastKnownFileType = sourcecode.c.objc; path = YSY_NetWorkManage.m; sourceTree = "<group>"; };
		D3743F031C1AA76300A222BB /* YSY_Api.h */ = {isa = PBXFileReference; fileEncoding = 4; lastKnownFileType = sourcecode.c.h; path = YSY_Api.h; sourceTree = "<group>"; };
		D3743F041C1AA76300A222BB /* YSY_Api.m */ = {isa = PBXFileReference; fileEncoding = 4; lastKnownFileType = sourcecode.c.objc; path = YSY_Api.m; sourceTree = "<group>"; };
		D375C3481C17FC060040E03E /* YSYMainVC.h */ = {isa = PBXFileReference; fileEncoding = 4; lastKnownFileType = sourcecode.c.h; path = YSYMainVC.h; sourceTree = "<group>"; };
		D375C3491C17FC060040E03E /* YSYMainVC.m */ = {isa = PBXFileReference; fileEncoding = 4; lastKnownFileType = sourcecode.c.objc; path = YSYMainVC.m; sourceTree = "<group>"; };
		D375C34F1C17FC680040E03E /* YSYHeader.h */ = {isa = PBXFileReference; fileEncoding = 4; lastKnownFileType = sourcecode.c.h; path = YSYHeader.h; sourceTree = "<group>"; };
		D375C35A1C1822750040E03E /* UIColor+YSYCategory.h */ = {isa = PBXFileReference; fileEncoding = 4; lastKnownFileType = sourcecode.c.h; path = "UIColor+YSYCategory.h"; sourceTree = "<group>"; };
		D375C35B1C1822750040E03E /* UIColor+YSYCategory.m */ = {isa = PBXFileReference; fileEncoding = 4; lastKnownFileType = sourcecode.c.objc; path = "UIColor+YSYCategory.m"; sourceTree = "<group>"; };
		D375C35D1C1824470040E03E /* YSYPrefixHeader.pch */ = {isa = PBXFileReference; fileEncoding = 4; lastKnownFileType = sourcecode.c.h; path = YSYPrefixHeader.pch; sourceTree = "<group>"; };
		D375C35E1C1831680040E03E /* YSYRootVC.h */ = {isa = PBXFileReference; fileEncoding = 4; lastKnownFileType = sourcecode.c.h; path = YSYRootVC.h; sourceTree = "<group>"; };
		D375C35F1C1831680040E03E /* YSYRootVC.m */ = {isa = PBXFileReference; fileEncoding = 4; lastKnownFileType = sourcecode.c.objc; path = YSYRootVC.m; sourceTree = "<group>"; };
		D377D5AC1C16D270000000E9 /* ZHIHUDaily.app */ = {isa = PBXFileReference; explicitFileType = wrapper.application; includeInIndex = 0; path = ZHIHUDaily.app; sourceTree = BUILT_PRODUCTS_DIR; };
		D377D5B01C16D270000000E9 /* main.m */ = {isa = PBXFileReference; lastKnownFileType = sourcecode.c.objc; path = main.m; sourceTree = "<group>"; };
		D377D5B21C16D270000000E9 /* AppDelegate.h */ = {isa = PBXFileReference; lastKnownFileType = sourcecode.c.h; path = AppDelegate.h; sourceTree = "<group>"; };
		D377D5B31C16D270000000E9 /* AppDelegate.m */ = {isa = PBXFileReference; lastKnownFileType = sourcecode.c.objc; path = AppDelegate.m; sourceTree = "<group>"; };
		D377D5BB1C16D270000000E9 /* Assets.xcassets */ = {isa = PBXFileReference; lastKnownFileType = folder.assetcatalog; path = Assets.xcassets; sourceTree = "<group>"; };
		D377D5C01C16D270000000E9 /* Info.plist */ = {isa = PBXFileReference; lastKnownFileType = text.plist.xml; path = Info.plist; sourceTree = "<group>"; };
		D391FC9A1C1FEE88008E9EAA /* UIView+YSYCategory.h */ = {isa = PBXFileReference; fileEncoding = 4; lastKnownFileType = sourcecode.c.h; path = "UIView+YSYCategory.h"; sourceTree = "<group>"; };
		D391FC9B1C1FEE88008E9EAA /* UIView+YSYCategory.m */ = {isa = PBXFileReference; fileEncoding = 4; lastKnownFileType = sourcecode.c.objc; path = "UIView+YSYCategory.m"; sourceTree = "<group>"; };
		D391FC9D1C1FF35B008E9EAA /* NSString+YSYCategory.h */ = {isa = PBXFileReference; fileEncoding = 4; lastKnownFileType = sourcecode.c.h; path = "NSString+YSYCategory.h"; sourceTree = "<group>"; };
		D391FC9E1C1FF35B008E9EAA /* NSString+YSYCategory.m */ = {isa = PBXFileReference; fileEncoding = 4; lastKnownFileType = sourcecode.c.objc; path = "NSString+YSYCategory.m"; sourceTree = "<group>"; };
		D391FCA01C1FF806008E9EAA /* YSYListTableView.h */ = {isa = PBXFileReference; fileEncoding = 4; lastKnownFileType = sourcecode.c.h; path = YSYListTableView.h; sourceTree = "<group>"; };
		D391FCA11C1FF806008E9EAA /* YSYListTableView.m */ = {isa = PBXFileReference; fileEncoding = 4; lastKnownFileType = sourcecode.c.objc; path = YSYListTableView.m; sourceTree = "<group>"; };
		EF5134FBFCDC3DC9B2D5AB36 /* libPods.a */ = {isa = PBXFileReference; explicitFileType = archive.ar; includeInIndex = 0; path = libPods.a; sourceTree = BUILT_PRODUCTS_DIR; };
/* End PBXFileReference section */

/* Begin PBXFrameworksBuildPhase section */
		D377D5A91C16D270000000E9 /* Frameworks */ = {
			isa = PBXFrameworksBuildPhase;
			buildActionMask = 2147483647;
			files = (
				6C24245F720141A72FE15714 /* libPods.a in Frameworks */,
			);
			runOnlyForDeploymentPostprocessing = 0;
		};
/* End PBXFrameworksBuildPhase section */

/* Begin PBXGroup section */
		33EBDB2E76D68084870F95B4 /* Pods */ = {
			isa = PBXGroup;
			children = (
				243E3377E580A4F62F55B4E4 /* Pods.debug.xcconfig */,
				42F38086E8FF062ECC36D0A7 /* Pods.release.xcconfig */,
			);
			name = Pods;
			sourceTree = "<group>";
		};
		6B6ECF443AF4ED9571894A83 /* Frameworks */ = {
			isa = PBXGroup;
			children = (
				EF5134FBFCDC3DC9B2D5AB36 /* libPods.a */,
			);
			name = Frameworks;
			sourceTree = "<group>";
		};
		D36BE1E11C1E529600580A1E /* YSY_Left */ = {
			isa = PBXGroup;
			children = (
				D36BE1F11C1E61E100580A1E /* ThemeCell.h */,
				D36BE1F21C1E61E100580A1E /* ThemeCell.m */,
				D36BE1E41C1E52A900580A1E /* YSYLeftVC.h */,
				D36BE1E51C1E52A900580A1E /* YSYLeftVC.m */,
				D36BE1E21C1E52A900580A1E /* YSYCollectVC.h */,
				D36BE1E31C1E52A900580A1E /* YSYCollectVC.m */,
				D36BE1E61C1E52A900580A1E /* YSYNewsVC.h */,
				D36BE1E71C1E52A900580A1E /* YSYNewsVC.m */,
				D36BE1E81C1E52A900580A1E /* YSYSetVC.h */,
				D36BE1EC1C1E52BB00580A1E /* YSYSetVC.m */,
			);
			path = YSY_Left;
			sourceTree = "<group>";
		};
		D36BE1FD1C1EC53600580A1E /* YSY_Lists */ = {
			isa = PBXGroup;
			children = (
				D36BE2041C1EC5AC00580A1E /* ThemeListCell.h */,
				D36BE2051C1EC5AC00580A1E /* ThemeListCell.m */,
				D391FCA01C1FF806008E9EAA /* YSYListTableView.h */,
				D391FCA11C1FF806008E9EAA /* YSYListTableView.m */,
				D36BE2071C1EC5CD00580A1E /* YSYThemeListVC.h */,
				D36BE2081C1EC5CD00580A1E /* YSYThemeListVC.m */,
			);
			path = YSY_Lists;
			sourceTree = "<group>";
		};
		D3743EF51C1A5F5100A222BB /* YSYSubClass */ = {
			isa = PBXGroup;
			children = (
				D3743EF61C1A5F7A00A222BB /* YSYCustomerBtn.h */,
				D3743EF71C1A5F7A00A222BB /* YSYCustomerBtn.m */,
				D36BE1F41C1E641400580A1E /* YSYTableView.h */,
				D36BE1F51C1E641400580A1E /* YSYTableView.m */,
				D36BE1F71C1E642200580A1E /* YSYTableViewCell.h */,
				D36BE1F81C1E642200580A1E /* YSYTableViewCell.m */,
			);
			path = YSYSubClass;
			sourceTree = "<group>";
		};
		D3743EF91C1A9DE500A222BB /* YSYNetWorkManage */ = {
			isa = PBXGroup;
			children = (
				D3743F031C1AA76300A222BB /* YSY_Api.h */,
				D3743F041C1AA76300A222BB /* YSY_Api.m */,
				D3743EFB1C1AA00B00A222BB /* YSY_HttpRequest.h */,
				D3743EFC1C1AA00B00A222BB /* YSY_HttpRequest.m */,
				D3743EFE1C1AA07500A222BB /* YSY_NetWorkManage.h */,
				D3743EFF1C1AA07500A222BB /* YSY_NetWorkManage.m */,
			);
			path = YSYNetWorkManage;
			sourceTree = "<group>";
		};
		D375C3471C17FAE60040E03E /* VIewControllers */ = {
			isa = PBXGroup;
			children = (
				D36BE1E11C1E529600580A1E /* YSY_Left */,
				D36BE1FD1C1EC53600580A1E /* YSY_Lists */,
				D375C35E1C1831680040E03E /* YSYRootVC.h */,
				D375C35F1C1831680040E03E /* YSYRootVC.m */,
				D375C3481C17FC060040E03E /* YSYMainVC.h */,
				D375C3491C17FC060040E03E /* YSYMainVC.m */,
			);
			path = VIewControllers;
			sourceTree = "<group>";
		};
		D375C3591C1822250040E03E /* YSYCategory */ = {
			isa = PBXGroup;
			children = (
				D375C35A1C1822750040E03E /* UIColor+YSYCategory.h */,
				D375C35B1C1822750040E03E /* UIColor+YSYCategory.m */,
				D391FC9A1C1FEE88008E9EAA /* UIView+YSYCategory.h */,
				D391FC9B1C1FEE88008E9EAA /* UIView+YSYCategory.m */,
				D391FC9D1C1FF35B008E9EAA /* NSString+YSYCategory.h */,
				D391FC9E1C1FF35B008E9EAA /* NSString+YSYCategory.m */,
			);
			path = YSYCategory;
			sourceTree = "<group>";
		};
		D377D5A31C16D270000000E9 = {
			isa = PBXGroup;
			children = (
				D377D5AE1C16D270000000E9 /* ZHIHUDaily */,
				D377D5AD1C16D270000000E9 /* Products */,
				33EBDB2E76D68084870F95B4 /* Pods */,
				6B6ECF443AF4ED9571894A83 /* Frameworks */,
			);
			sourceTree = "<group>";
		};
		D377D5AD1C16D270000000E9 /* Products */ = {
			isa = PBXGroup;
			children = (
				D377D5AC1C16D270000000E9 /* ZHIHUDaily.app */,
			);
			name = Products;
			sourceTree = "<group>";
		};
		D377D5AE1C16D270000000E9 /* ZHIHUDaily */ = {
			isa = PBXGroup;
			children = (
				D375C34F1C17FC680040E03E /* YSYHeader.h */,
				D377D5B21C16D270000000E9 /* AppDelegate.h */,
				D377D5B31C16D270000000E9 /* AppDelegate.m */,
				D3743EF91C1A9DE500A222BB /* YSYNetWorkManage */,
				D3743EF51C1A5F5100A222BB /* YSYSubClass */,
				D375C3591C1822250040E03E /* YSYCategory */,
				D375C3471C17FAE60040E03E /* VIewControllers */,
				D377D5BB1C16D270000000E9 /* Assets.xcassets */,
				D377D5C01C16D270000000E9 /* Info.plist */,
				D377D5AF1C16D270000000E9 /* Supporting Files */,
				D375C35D1C1824470040E03E /* YSYPrefixHeader.pch */,
			);
			path = ZHIHUDaily;
			sourceTree = "<group>";
		};
		D377D5AF1C16D270000000E9 /* Supporting Files */ = {
			isa = PBXGroup;
			children = (
				D377D5B01C16D270000000E9 /* main.m */,
			);
			name = "Supporting Files";
			sourceTree = "<group>";
		};
/* End PBXGroup section */

/* Begin PBXNativeTarget section */
		D377D5AB1C16D270000000E9 /* ZHIHUDaily */ = {
			isa = PBXNativeTarget;
			buildConfigurationList = D377D5C31C16D270000000E9 /* Build configuration list for PBXNativeTarget "ZHIHUDaily" */;
			buildPhases = (
				26F6316AA69D6311B30EF907 /* Check Pods Manifest.lock */,
				D377D5A81C16D270000000E9 /* Sources */,
				D377D5A91C16D270000000E9 /* Frameworks */,
				D377D5AA1C16D270000000E9 /* Resources */,
				F423CC60E382AF2BE3BBCB0D /* Embed Pods Frameworks */,
				16717237437A6F614DB5B8EE /* Copy Pods Resources */,
			);
			buildRules = (
			);
			dependencies = (
			);
			name = ZHIHUDaily;
			productName = ZHIHUDaily;
			productReference = D377D5AC1C16D270000000E9 /* ZHIHUDaily.app */;
			productType = "com.apple.product-type.application";
		};
/* End PBXNativeTarget section */

/* Begin PBXProject section */
		D377D5A41C16D270000000E9 /* Project object */ = {
			isa = PBXProject;
			attributes = {
				LastUpgradeCheck = 0710;
				ORGANIZATIONNAME = yushengyang;
				TargetAttributes = {
					D377D5AB1C16D270000000E9 = {
						CreatedOnToolsVersion = 7.1.1;
					};
				};
			};
			buildConfigurationList = D377D5A71C16D270000000E9 /* Build configuration list for PBXProject "ZHIHUDaily" */;
			compatibilityVersion = "Xcode 3.2";
			developmentRegion = English;
			hasScannedForEncodings = 0;
			knownRegions = (
				en,
				Base,
			);
			mainGroup = D377D5A31C16D270000000E9;
			productRefGroup = D377D5AD1C16D270000000E9 /* Products */;
			projectDirPath = "";
			projectRoot = "";
			targets = (
				D377D5AB1C16D270000000E9 /* ZHIHUDaily */,
			);
		};
/* End PBXProject section */

/* Begin PBXResourcesBuildPhase section */
		D377D5AA1C16D270000000E9 /* Resources */ = {
			isa = PBXResourcesBuildPhase;
			buildActionMask = 2147483647;
			files = (
				D377D5BC1C16D270000000E9 /* Assets.xcassets in Resources */,
			);
			runOnlyForDeploymentPostprocessing = 0;
		};
/* End PBXResourcesBuildPhase section */

/* Begin PBXShellScriptBuildPhase section */
		16717237437A6F614DB5B8EE /* Copy Pods Resources */ = {
			isa = PBXShellScriptBuildPhase;
			buildActionMask = 2147483647;
			files = (
			);
			inputPaths = (
			);
			name = "Copy Pods Resources";
			outputPaths = (
			);
			runOnlyForDeploymentPostprocessing = 0;
			shellPath = /bin/sh;
			shellScript = "\"${SRCROOT}/Pods/Target Support Files/Pods/Pods-resources.sh\"\n";
			showEnvVarsInLog = 0;
		};
		26F6316AA69D6311B30EF907 /* Check Pods Manifest.lock */ = {
			isa = PBXShellScriptBuildPhase;
			buildActionMask = 2147483647;
			files = (
			);
			inputPaths = (
			);
			name = "Check Pods Manifest.lock";
			outputPaths = (
			);
			runOnlyForDeploymentPostprocessing = 0;
			shellPath = /bin/sh;
			shellScript = "diff \"${PODS_ROOT}/../Podfile.lock\" \"${PODS_ROOT}/Manifest.lock\" > /dev/null\nif [[ $? != 0 ]] ; then\n    cat << EOM\nerror: The sandbox is not in sync with the Podfile.lock. Run 'pod install' or update your CocoaPods installation.\nEOM\n    exit 1\nfi\n";
			showEnvVarsInLog = 0;
		};
		F423CC60E382AF2BE3BBCB0D /* Embed Pods Frameworks */ = {
			isa = PBXShellScriptBuildPhase;
			buildActionMask = 2147483647;
			files = (
			);
			inputPaths = (
			);
			name = "Embed Pods Frameworks";
			outputPaths = (
			);
			runOnlyForDeploymentPostprocessing = 0;
			shellPath = /bin/sh;
			shellScript = "\"${SRCROOT}/Pods/Target Support Files/Pods/Pods-frameworks.sh\"\n";
			showEnvVarsInLog = 0;
		};
/* End PBXShellScriptBuildPhase section */

/* Begin PBXSourcesBuildPhase section */
		D377D5A81C16D270000000E9 /* Sources */ = {
			isa = PBXSourcesBuildPhase;
			buildActionMask = 2147483647;
			files = (
				D3743EF81C1A5F7A00A222BB /* YSYCustomerBtn.m in Sources */,
				D36BE1EB1C1E52A900580A1E /* YSYNewsVC.m in Sources */,
				D391FC9F1C1FF35B008E9EAA /* NSString+YSYCategory.m in Sources */,
				D3743F001C1AA07500A222BB /* YSY_NetWorkManage.m in Sources */,
				D375C34A1C17FC060040E03E /* YSYMainVC.m in Sources */,
				D36BE1EA1C1E52A900580A1E /* YSYLeftVC.m in Sources */,
				D36BE1F91C1E642200580A1E /* YSYTableViewCell.m in Sources */,
				D377D5B41C16D270000000E9 /* AppDelegate.m in Sources */,
				D375C3601C1831680040E03E /* YSYRootVC.m in Sources */,
				D36BE1F61C1E641400580A1E /* YSYTableView.m in Sources */,
				D36BE1ED1C1E52BB00580A1E /* YSYSetVC.m in Sources */,
				D391FC9C1C1FEE88008E9EAA /* UIView+YSYCategory.m in Sources */,
				D375C35C1C1822750040E03E /* UIColor+YSYCategory.m in Sources */,
				D391FCA21C1FF806008E9EAA /* YSYListTableView.m in Sources */,
				D36BE2091C1EC5CD00580A1E /* YSYThemeListVC.m in Sources */,
				D3743EFD1C1AA00B00A222BB /* YSY_HttpRequest.m in Sources */,
				D36BE2061C1EC5AC00580A1E /* ThemeListCell.m in Sources */,
				D3743F051C1AA76300A222BB /* YSY_Api.m in Sources */,
				D36BE1E91C1E52A900580A1E /* YSYCollectVC.m in Sources */,
				D377D5B11C16D270000000E9 /* main.m in Sources */,
				D36BE1F31C1E61E100580A1E /* ThemeCell.m in Sources */,
			);
			runOnlyForDeploymentPostprocessing = 0;
		};
/* End PBXSourcesBuildPhase section */

/* Begin XCBuildConfiguration section */
		D377D5C11C16D270000000E9 /* Debug */ = {
			isa = XCBuildConfiguration;
			buildSettings = {
				ALWAYS_SEARCH_USER_PATHS = NO;
				CLANG_CXX_LANGUAGE_STANDARD = "gnu++0x";
				CLANG_CXX_LIBRARY = "libc++";
				CLANG_ENABLE_MODULES = YES;
				CLANG_ENABLE_OBJC_ARC = YES;
				CLANG_WARN_BOOL_CONVERSION = YES;
				CLANG_WARN_CONSTANT_CONVERSION = YES;
				CLANG_WARN_DIRECT_OBJC_ISA_USAGE = YES_ERROR;
				CLANG_WARN_EMPTY_BODY = YES;
				CLANG_WARN_ENUM_CONVERSION = YES;
				CLANG_WARN_INT_CONVERSION = YES;
				CLANG_WARN_OBJC_ROOT_CLASS = YES_ERROR;
				CLANG_WARN_UNREACHABLE_CODE = YES;
				CLANG_WARN__DUPLICATE_METHOD_MATCH = YES;
				"CODE_SIGN_IDENTITY[sdk=iphoneos*]" = "iPhone Developer";
				COPY_PHASE_STRIP = NO;
				DEBUG_INFORMATION_FORMAT = dwarf;
				ENABLE_STRICT_OBJC_MSGSEND = YES;
				ENABLE_TESTABILITY = YES;
				GCC_C_LANGUAGE_STANDARD = gnu99;
				GCC_DYNAMIC_NO_PIC = NO;
				GCC_NO_COMMON_BLOCKS = YES;
				GCC_OPTIMIZATION_LEVEL = 0;
				GCC_PREPROCESSOR_DEFINITIONS = (
					"DEBUG=1",
					"$(inherited)",
				);
				GCC_WARN_64_TO_32_BIT_CONVERSION = YES;
				GCC_WARN_ABOUT_RETURN_TYPE = YES_ERROR;
				GCC_WARN_UNDECLARED_SELECTOR = YES;
				GCC_WARN_UNINITIALIZED_AUTOS = YES_AGGRESSIVE;
				GCC_WARN_UNUSED_FUNCTION = YES;
				GCC_WARN_UNUSED_VARIABLE = YES;
				IPHONEOS_DEPLOYMENT_TARGET = 7.0;
				MTL_ENABLE_DEBUG_INFO = YES;
				ONLY_ACTIVE_ARCH = YES;
				SDKROOT = iphoneos;
			};
			name = Debug;
		};
		D377D5C21C16D270000000E9 /* Release */ = {
			isa = XCBuildConfiguration;
			buildSettings = {
				ALWAYS_SEARCH_USER_PATHS = NO;
				CLANG_CXX_LANGUAGE_STANDARD = "gnu++0x";
				CLANG_CXX_LIBRARY = "libc++";
				CLANG_ENABLE_MODULES = YES;
				CLANG_ENABLE_OBJC_ARC = YES;
				CLANG_WARN_BOOL_CONVERSION = YES;
				CLANG_WARN_CONSTANT_CONVERSION = YES;
				CLANG_WARN_DIRECT_OBJC_ISA_USAGE = YES_ERROR;
				CLANG_WARN_EMPTY_BODY = YES;
				CLANG_WARN_ENUM_CONVERSION = YES;
				CLANG_WARN_INT_CONVERSION = YES;
				CLANG_WARN_OBJC_ROOT_CLASS = YES_ERROR;
				CLANG_WARN_UNREACHABLE_CODE = YES;
				CLANG_WARN__DUPLICATE_METHOD_MATCH = YES;
				"CODE_SIGN_IDENTITY[sdk=iphoneos*]" = "iPhone Developer";
				COPY_PHASE_STRIP = NO;
				DEBUG_INFORMATION_FORMAT = "dwarf-with-dsym";
				ENABLE_NS_ASSERTIONS = NO;
				ENABLE_STRICT_OBJC_MSGSEND = YES;
				GCC_C_LANGUAGE_STANDARD = gnu99;
				GCC_NO_COMMON_BLOCKS = YES;
				GCC_WARN_64_TO_32_BIT_CONVERSION = YES;
				GCC_WARN_ABOUT_RETURN_TYPE = YES_ERROR;
				GCC_WARN_UNDECLARED_SELECTOR = YES;
				GCC_WARN_UNINITIALIZED_AUTOS = YES_AGGRESSIVE;
				GCC_WARN_UNUSED_FUNCTION = YES;
				GCC_WARN_UNUSED_VARIABLE = YES;
				IPHONEOS_DEPLOYMENT_TARGET = 7.0;
				MTL_ENABLE_DEBUG_INFO = NO;
				SDKROOT = iphoneos;
				VALIDATE_PRODUCT = YES;
			};
			name = Release;
		};
		D377D5C41C16D270000000E9 /* Debug */ = {
			isa = XCBuildConfiguration;
			baseConfigurationReference = 243E3377E580A4F62F55B4E4 /* Pods.debug.xcconfig */;
			buildSettings = {
				ASSETCATALOG_COMPILER_APPICON_NAME = AppIcon;
				ASSETCATALOG_COMPILER_LAUNCHIMAGE_NAME = LaunchImage;
				GCC_PREFIX_HEADER = ZHIHUDaily/YSYPrefixHeader.pch;
				INFOPLIST_FILE = ZHIHUDaily/Info.plist;
				IPHONEOS_DEPLOYMENT_TARGET = 7.0;
				LD_RUNPATH_SEARCH_PATHS = "$(inherited) @executable_path/Frameworks";
				PRODUCT_BUNDLE_IDENTIFIER = com.ule.ZHIHUDaily;
				PRODUCT_NAME = "$(TARGET_NAME)";
			};
			name = Debug;
		};
		D377D5C51C16D270000000E9 /* Release */ = {
			isa = XCBuildConfiguration;
			baseConfigurationReference = 42F38086E8FF062ECC36D0A7 /* Pods.release.xcconfig */;
			buildSettings = {
				ASSETCATALOG_COMPILER_APPICON_NAME = AppIcon;
				ASSETCATALOG_COMPILER_LAUNCHIMAGE_NAME = LaunchImage;
				GCC_PREFIX_HEADER = ZHIHUDaily/YSYPrefixHeader.pch;
				INFOPLIST_FILE = ZHIHUDaily/Info.plist;
				IPHONEOS_DEPLOYMENT_TARGET = 7.0;
				LD_RUNPATH_SEARCH_PATHS = "$(inherited) @executable_path/Frameworks";
				PRODUCT_BUNDLE_IDENTIFIER = com.ule.ZHIHUDaily;
				PRODUCT_NAME = "$(TARGET_NAME)";
			};
			name = Release;
		};
/* End XCBuildConfiguration section */

/* Begin XCConfigurationList section */
		D377D5A71C16D270000000E9 /* Build configuration list for PBXProject "ZHIHUDaily" */ = {
			isa = XCConfigurationList;
			buildConfigurations = (
				D377D5C11C16D270000000E9 /* Debug */,
				D377D5C21C16D270000000E9 /* Release */,
			);
			defaultConfigurationIsVisible = 0;
			defaultConfigurationName = Release;
		};
		D377D5C31C16D270000000E9 /* Build configuration list for PBXNativeTarget "ZHIHUDaily" */ = {
			isa = XCConfigurationList;
			buildConfigurations = (
				D377D5C41C16D270000000E9 /* Debug */,
				D377D5C51C16D270000000E9 /* Release */,
			);
			defaultConfigurationIsVisible = 0;
			defaultConfigurationName = Release;
		};
/* End XCConfigurationList section */
	};
	rootObject = D377D5A41C16D270000000E9 /* Project object */;
}
